
Microsoft Visual Studio Solution File, Format Version 11.00
# Visual Studio 2010
Project("{FAE04EC0-301F-11D3-BF4B-00C04F79EFBC}") = "ESS", "ESS\ESS.csproj", "{92A0AE4D-1DF9-40C9-A509-89EC9C64768E}"
EndProject
Global
	GlobalSection(SolutionConfigurationPlatforms) = preSolution
		Debug|Any CPU = Debug|Any CPU
		Release|Any CPU = Release|Any CPU
	EndGlobalSection
	GlobalSection(ProjectConfigurationPlatforms) = postSolution
		{92A0AE4D-1DF9-40C9-A509-89EC9C64768E}.Debug|Any CPU.ActiveCfg = Debug|Any CPU
		{92A0AE4D-1DF9-40C9-A509-89EC9C64768E}.Debug|Any CPU.Build.0 = Debug|Any CPU
		{92A0AE4D-1DF9-40C9-A509-89EC9C64768E}.Release|Any CPU.ActiveCfg = Release|Any CPU
		{92A0AE4D-1DF9-40C9-A509-89EC9C64768E}.Release|Any CPU.Build.0 = Release|Any CPU
	EndGlobalSection
	GlobalSection(SolutionProperties) = preSolution
		HideSolutionNode = FALSE
	EndGlobalSection
EndGlobal
